
Microsoft Visual Studio Solution File, Format Version 11.00
# Visual Studio 2010
Project("{FAE04EC0-301F-11D3-BF4B-00C04F79EFBC}") = "com.amazingcow.BowAndArrow", "com.amazingcow.BowAndArrow.csproj", "{FD701C41-ABE6-4343-A3E4-A74B5A2145BB}"
EndProject
Global
	GlobalSection(SolutionConfigurationPlatforms) = preSolution
		Debug|x86 = Debug|x86
		Release|x86 = Release|x86
	EndGlobalSection
	GlobalSection(ProjectConfigurationPlatforms) = postSolution
		{FD701C41-ABE6-4343-A3E4-A74B5A2145BB}.Debug|x86.ActiveCfg = Debug|x86
		{FD701C41-ABE6-4343-A3E4-A74B5A2145BB}.Debug|x86.Build.0 = Debug|x86
		{FD701C41-ABE6-4343-A3E4-A74B5A2145BB}.Release|x86.ActiveCfg = Release|x86
		{FD701C41-ABE6-4343-A3E4-A74B5A2145BB}.Release|x86.Build.0 = Release|x86
	EndGlobalSection
	GlobalSection(MonoDevelopProperties) = preSolution
		Policies = $0
		$0.DotNetNamingPolicy = $1
		$1.DirectoryNamespaceAssociation = None
		$1.ResourceNamePolicy = FileFormatDefault
		outputpath = .
	EndGlobalSection
EndGlobal
